
Microsoft Visual Studio Solution File, Format Version 12.00
# Visual Studio Version 16
VisualStudioVersion = 16.0.31005.135
MinimumVisualStudioVersion = 10.0.40219.1
Project("{9A19103F-16F7-4668-BE54-9A1E7A4F7556}") = "LibraryManager", "LibraryManager\LibraryManager.csproj", "{95EEB77C-0599-4AF6-A557-2062922EC917}"
EndProject
Project("{FAE04EC0-301F-11D3-BF4B-00C04F79EFBC}") = "LibraryManager Tests", "LibraryManager Tests\LibraryManager Tests.csproj", "{88FDA3C5-D364-4BD5-A0AC-FF806D266B82}"
EndProject
Global
	GlobalSection(SolutionConfigurationPlatforms) = preSolution
		Debug|Any CPU = Debug|Any CPU
		Release|Any CPU = Release|Any CPU
	EndGlobalSection
	GlobalSection(ProjectConfigurationPlatforms) = postSolution
		{95EEB77C-0599-4AF6-A557-2062922EC917}.Debug|Any CPU.ActiveCfg = Debug|Any CPU
		{95EEB77C-0599-4AF6-A557-2062922EC917}.Debug|Any CPU.Build.0 = Debug|Any CPU
		{95EEB77C-0599-4AF6-A557-2062922EC917}.Release|Any CPU.ActiveCfg = Release|Any CPU
		{95EEB77C-0599-4AF6-A557-2062922EC917}.Release|Any CPU.Build.0 = Release|Any CPU
		{88FDA3C5-D364-4BD5-A0AC-FF806D266B82}.Debug|Any CPU.ActiveCfg = Debug|Any CPU
		{88FDA3C5-D364-4BD5-A0AC-FF806D266B82}.Debug|Any CPU.Build.0 = Debug|Any CPU
		{88FDA3C5-D364-4BD5-A0AC-FF806D266B82}.Release|Any CPU.ActiveCfg = Release|Any CPU
		{88FDA3C5-D364-4BD5-A0AC-FF806D266B82}.Release|Any CPU.Build.0 = Release|Any CPU
	EndGlobalSection
	GlobalSection(SolutionProperties) = preSolution
		HideSolutionNode = FALSE
	EndGlobalSection
	GlobalSection(ExtensibilityGlobals) = postSolution
		SolutionGuid = {AA1AF580-CF5A-4232-9FEB-55C4EF4951C3}
	EndGlobalSection
EndGlobal
